{
    "_readme": [
        "This file locks the dependencies of your project to a known state",
        "Read more about it at https://getcomposer.org/doc/01-basic-usage.md#composer-lock-the-lock-file",
        "This file is @generated automatically"
    ],
    "hash": "5254a81f3e574ea26b16779da99f9abb",
    "content-hash": "b5a7294940f2eee7f6d6c9d0dd22d5c4",
    "packages": [
        {
            "name": "ircmaxell/password-compat",
            "version": "1.0.x-dev",
            "source": {
                "type": "git",
                "url": "https://github.com/ircmaxell/password_compat.git",
                "reference": "9b99377557a33a4129c9194e60a97a685fab21e0"
            },
            "dist": {
                "type": "zip",
                "url": "https://api.github.com/repos/ircmaxell/password_compat/zipball/9b99377557a33a4129c9194e60a97a685fab21e0",
                "reference": "9b99377557a33a4129c9194e60a97a685fab21e0",
                "shasum": ""
            },
            "require-dev": {
                "phpunit/phpunit": "4.*"
            },
            "type": "library",
            "autoload": {
                "files": [
                    "lib/password.php"
                ]
            },
            "notification-url": "https://packagist.org/downloads/",
            "license": [
                "MIT"
            ],
            "authors": [
                {
                    "name": "Anthony Ferrara",
                    "email": "ircmaxell@php.net",
                    "homepage": "http://blog.ircmaxell.com"
                }
            ],
            "description": "A compatibility library for the proposed simplified password hashing algorithm: https://wiki.php.net/rfc/password_hash",
            "homepage": "https://github.com/ircmaxell/password_compat",
            "keywords": [
                "hashing",
                "password"
            ],
            "time": "2014-11-20 19:18:42"
        },
        {
            "name": "league/container",
            "version": "1.x-dev",
            "source": {
                "type": "git",
                "url": "https://github.com/thephpleague/container.git",
                "reference": "f561ca8a1b3e8f05d6c71820246c49fde79154dc"
            },
            "dist": {
                "type": "zip",
                "url": "https://api.github.com/repos/thephpleague/container/zipball/f561ca8a1b3e8f05d6c71820246c49fde79154dc",
                "reference": "f561ca8a1b3e8f05d6c71820246c49fde79154dc",
                "shasum": ""
            },
            "require": {
                "php": ">=5.4.0"
            },
            "replace": {
                "orno/di": "~2.0"
            },
            "require-dev": {
                "phpunit/phpunit": "4.*"
            },
            "type": "library",
            "extra": {
                "branch-alias": {
                    "dev-master": "2.0-dev",
                    "dev-1.x": "1.3-dev"
                }
            },
            "autoload": {
                "psr-4": {
                    "League\\Container\\": "src"
                }
            },
            "notification-url": "https://packagist.org/downloads/",
            "license": [
                "MIT"
            ],
            "authors": [
                {
                    "name": "Phil Bennett",
                    "email": "philipobenito@gmail.com",
                    "homepage": "http://philipobenito.github.io",
                    "role": "Developer"
                }
            ],
            "description": "A fast and intuitive dependency injection container.",
            "homepage": "https://github.com/thephpleague/container",
            "keywords": [
                "container",
                "dependency",
                "di",
                "injection",
                "league"
            ],
            "time": "2015-08-24 13:24:34"
        },
        {
            "name": "league/plates",
            "version": "3.1.1",
            "source": {
                "type": "git",
                "url": "https://github.com/thephpleague/plates.git",
                "reference": "2d8569e9f140a70d6a05db38006926f7547cb802"
            },
            "dist": {
                "type": "zip",
                "url": "https://api.github.com/repos/thephpleague/plates/zipball/2d8569e9f140a70d6a05db38006926f7547cb802",
                "reference": "2d8569e9f140a70d6a05db38006926f7547cb802",
                "shasum": ""
            },
            "require-dev": {
                "mikey179/vfsstream": "~1.4.0",
                "phpunit/phpunit": "~4.0",
                "squizlabs/php_codesniffer": "~1.5"
            },
            "type": "library",
            "extra": {
                "branch-alias": {
                    "dev-master": "3.0-dev"
                }
            },
            "autoload": {
                "psr-4": {
                    "League\\Plates\\": "src"
                }
            },
            "notification-url": "https://packagist.org/downloads/",
            "license": [
                "MIT"
            ],
            "authors": [
                {
                    "name": "Jonathan Reinink",
                    "email": "jonathan@reinink.ca",
                    "role": "Developer"
                }
            ],
            "description": "Plates, the native PHP template system that's fast, easy to use and easy to extend.",
            "homepage": "http://platesphp.com",
            "keywords": [
                "league",
                "package",
                "templates",
                "templating",
                "views"
            ],
            "time": "2015-07-09 02:14:40"
        },
        {
            "name": "league/route",
            "version": "1.x-dev",
            "source": {
                "type": "git",
                "url": "https://github.com/thephpleague/route.git",
                "reference": "21dcd5fc3fe4746dfabcb12116618bee162b4fde"
            },
            "dist": {
                "type": "zip",
                "url": "https://api.github.com/repos/thephpleague/route/zipball/21dcd5fc3fe4746dfabcb12116618bee162b4fde",
                "reference": "21dcd5fc3fe4746dfabcb12116618bee162b4fde",
                "shasum": ""
            },
            "require": {
                "league/container": "~1.0",
                "nikic/fast-route": "~0.3",
                "php": ">=5.4.0",
                "symfony/http-foundation": "~2.6|~3.0"
            },
            "replace": {
                "orno/http": "~1.0",
                "orno/route": "~1.0"
            },
            "require-dev": {
                "phpunit/phpunit": "4.*"
            },
            "type": "library",
            "extra": {
                "branch-alias": {
                    "dev-master": "1.0-dev"
                }
            },
            "autoload": {
                "psr-4": {
                    "League\\Route\\": "src"
                }
            },
            "notification-url": "https://packagist.org/downloads/",
            "license": [
                "MIT"
            ],
            "authors": [
                {
                    "name": "Phil Bennett",
                    "email": "philipobenito@gmail.com",
                    "homepage": "http://philipobenito.github.io",
                    "role": "Developer"
                }
            ],
            "description": "A fast routing and dispatch package built on top of FastRoute.",
            "homepage": "https://github.com/thephpleague/route",
            "keywords": [
                "league",
                "route"
            ],
            "time": "2016-01-08 10:08:56"
        },
        {
            "name": "nikic/fast-route",
            "version": "v0.7.0",
            "source": {
                "type": "git",
                "url": "https://github.com/nikic/FastRoute.git",
                "reference": "8164b4a0d8afde4eae5f1bfc39084972ba23ad36"
            },
            "dist": {
                "type": "zip",
                "url": "https://api.github.com/repos/nikic/FastRoute/zipball/8164b4a0d8afde4eae5f1bfc39084972ba23ad36",
                "reference": "8164b4a0d8afde4eae5f1bfc39084972ba23ad36",
                "shasum": ""
            },
            "require": {
                "php": ">=5.4.0"
            },
            "type": "library",
            "autoload": {
                "psr-4": {
                    "FastRoute\\": "src/"
                },
                "files": [
                    "src/functions.php"
                ]
            },
            "notification-url": "https://packagist.org/downloads/",
            "license": [
                "BSD-3-Clause"
            ],
            "authors": [
                {
                    "name": "Nikita Popov",
                    "email": "nikic@php.net"
                }
            ],
            "description": "Fast request router for PHP",
            "keywords": [
                "router",
                "routing"
            ],
            "time": "2015-12-20 19:50:12"
        },
        {
            "name": "symfony/http-foundation",
            "version": "2.8.x-dev",
            "source": {
                "type": "git",
                "url": "https://github.com/symfony/http-foundation.git",
                "reference": "24b2a66eb34fab21aad7c1f661e63688362255b6"
            },
            "dist": {
                "type": "zip",
                "url": "https://api.github.com/repos/symfony/http-foundation/zipball/24b2a66eb34fab21aad7c1f661e63688362255b6",
                "reference": "24b2a66eb34fab21aad7c1f661e63688362255b6",
                "shasum": ""
            },
            "require": {
                "php": ">=5.3.9",
                "symfony/polyfill-php54": "~1.0",
                "symfony/polyfill-php55": "~1.0"
            },
            "require-dev": {
                "symfony/expression-language": "~2.4|~3.0.0"
            },
            "type": "library",
            "extra": {
                "branch-alias": {
                    "dev-master": "2.8-dev"
                }
            },
            "autoload": {
                "psr-4": {
                    "Symfony\\Component\\HttpFoundation\\": ""
                },
                "exclude-from-classmap": [
                    "/Tests/"
                ]
            },
            "notification-url": "https://packagist.org/downloads/",
            "license": [
                "MIT"
            ],
            "authors": [
                {
                    "name": "Fabien Potencier",
                    "email": "fabien@symfony.com"
                },
                {
                    "name": "Symfony Community",
                    "homepage": "https://symfony.com/contributors"
                }
            ],
            "description": "Symfony HttpFoundation Component",
            "homepage": "https://symfony.com",
            "time": "2016-01-27 05:14:19"
        },
        {
            "name": "symfony/polyfill-php54",
            "version": "dev-master",
            "source": {
                "type": "git",
                "url": "https://github.com/symfony/polyfill-php54.git",
                "reference": "74663d5a2ff3c530c1bc0571500e0feec9094054"
            },
            "dist": {
                "type": "zip",
                "url": "https://api.github.com/repos/symfony/polyfill-php54/zipball/74663d5a2ff3c530c1bc0571500e0feec9094054",
                "reference": "74663d5a2ff3c530c1bc0571500e0feec9094054",
                "shasum": ""
            },
            "require": {
                "php": ">=5.3.3"
            },
            "type": "library",
            "extra": {
                "branch-alias": {
                    "dev-master": "1.1-dev"
                }
            },
            "autoload": {
                "psr-4": {
                    "Symfony\\Polyfill\\Php54\\": ""
                },
                "files": [
                    "bootstrap.php"
                ],
                "classmap": [
                    "Resources/stubs"
                ]
            },
            "notification-url": "https://packagist.org/downloads/",
            "license": [
                "MIT"
            ],
            "authors": [
                {
                    "name": "Nicolas Grekas",
                    "email": "p@tchwork.com"
                },
                {
                    "name": "Symfony Community",
                    "homepage": "https://symfony.com/contributors"
                }
            ],
            "description": "Symfony polyfill backporting some PHP 5.4+ features to lower PHP versions",
            "homepage": "https://symfony.com",
            "keywords": [
                "compatibility",
                "polyfill",
                "portable",
                "shim"
            ],
            "time": "2016-01-20 09:13:37"
        },
        {
            "name": "symfony/polyfill-php55",
            "version": "dev-master",
            "source": {
                "type": "git",
                "url": "https://github.com/symfony/polyfill-php55.git",
                "reference": "b4f3f07d91702f8f926339fc4fcf81671d8c27e6"
            },
            "dist": {
                "type": "zip",
                "url": "https://api.github.com/repos/symfony/polyfill-php55/zipball/b4f3f07d91702f8f926339fc4fcf81671d8c27e6",
                "reference": "b4f3f07d91702f8f926339fc4fcf81671d8c27e6",
                "shasum": ""
            },
            "require": {
                "ircmaxell/password-compat": "~1.0",
                "php": ">=5.3.3"
            },
            "type": "library",
            "extra": {
                "branch-alias": {
                    "dev-master": "1.1-dev"
                }
            },
            "autoload": {
                "psr-4": {
                    "Symfony\\Polyfill\\Php55\\": ""
                },
                "files": [
                    "bootstrap.php"
                ]
            },
            "notification-url": "https://packagist.org/downloads/",
            "license": [
                "MIT"
            ],
            "authors": [
                {
                    "name": "Nicolas Grekas",
                    "email": "p@tchwork.com"
                },
                {
                    "name": "Symfony Community",
                    "homepage": "https://symfony.com/contributors"
                }
            ],
            "description": "Symfony polyfill backporting some PHP 5.5+ features to lower PHP versions",
            "homepage": "https://symfony.com",
            "keywords": [
                "compatibility",
                "polyfill",
                "portable",
                "shim"
            ],
            "time": "2016-01-20 09:13:37"
        }
    ],
    "packages-dev": [],
    "aliases": [],
    "minimum-stability": "dev",
    "stability-flags": [],
    "prefer-stable": false,
    "prefer-lowest": false,
    "platform": [],
    "platform-dev": []
}
